dependencies:
  vue: 2.6.12
  vue-i18n: 8.24.2
  vue-router: 3.5.1
lockfileVersion: 5.2
packages:
  /vue-i18n/8.24.2:
    dev: false
    resolution:
      integrity: sha512-+TkAPBQw4Cp2bQrSPtPNkhET7XcWYjjDt1UjWYQs+xbT41q5OAl1I3IZyhg0drjn1nlC1K0f8sLVB/nshUcF1Q==
  /vue-router/3.5.1:
    dev: false
    resolution:
      integrity: sha512-RRQNLT8Mzr8z7eL4p7BtKvRaTSGdCbTy2+Mm5HTJvLGYSSeG9gDzNasJPP/yOYKLy+/cLG/ftrqq5fvkFwBJEw==
  /vue/2.6.12:
    dev: false
    resolution:
      integrity: sha512-uhmLFETqPPNyuLLbsKz6ioJ4q7AZHzD8ZVFNATNyICSZouqP2Sz0rotWQC8UNBF6VGSCs5abnKJoStA6JbCbfg==
specifiers:
  vue: ^2.6.12
  vue-i18n: ^8.24.2
  vue-router: ^3.5.1
